
Microsoft Visual Studio Solution File, Format Version 12.00
# Visual Studio 15
VisualStudioVersion = 15.0.27703.2026
MinimumVisualStudioVersion = 10.0.40219.1
Project("{8BC9CEB8-8B4A-11D0-8D11-00A0C91BC942}") = "client", "solution.vcxproj", "{6F99ECC3-C924-4129-8B9D-E0F1D3CB25F1}"
EndProject
Project("{8BC9CEB8-8B4A-11D0-8D11-00A0C91BC942}") = "game", "game.vcxproj", "{05A999A3-F4D4-4E36-A82A-C4116B422C5C}"
EndProject
Project("{8BC9CEB8-8B4A-11D0-8D11-00A0C91BC942}") = "cgame", "cgame.vcxproj", "{A96CB2C0-021C-47CC-A909-7227A1F112C5}"
EndProject
Project("{8BC9CEB8-8B4A-11D0-8D11-00A0C91BC942}") = "renderer_opengl1", "renderer_opengl1.vcxproj", "{D6C59A62-7071-4DFC-82D1-BB6295C7C185}"
EndProject
Global
	GlobalSection(SolutionConfigurationPlatforms) = preSolution
		Debug|x64 = Debug|x64
		Debug|x86 = Debug|x86
		Release|x64 = Release|x64
		Release|x86 = Release|x86
	EndGlobalSection
	GlobalSection(ProjectConfigurationPlatforms) = postSolution
		{6F99ECC3-C924-4129-8B9D-E0F1D3CB25F1}.Debug|x64.ActiveCfg = Debug|x64
		{6F99ECC3-C924-4129-8B9D-E0F1D3CB25F1}.Debug|x64.Build.0 = Debug|x64
		{6F99ECC3-C924-4129-8B9D-E0F1D3CB25F1}.Debug|x86.ActiveCfg = Debug|Win32
		{6F99ECC3-C924-4129-8B9D-E0F1D3CB25F1}.Debug|x86.Build.0 = Debug|Win32
		{6F99ECC3-C924-4129-8B9D-E0F1D3CB25F1}.Release|x64.ActiveCfg = Release|x64
		{6F99ECC3-C924-4129-8B9D-E0F1D3CB25F1}.Release|x64.Build.0 = Release|x64
		{6F99ECC3-C924-4129-8B9D-E0F1D3CB25F1}.Release|x86.ActiveCfg = Release|Win32
		{6F99ECC3-C924-4129-8B9D-E0F1D3CB25F1}.Release|x86.Build.0 = Release|Win32
		{05A999A3-F4D4-4E36-A82A-C4116B422C5C}.Debug|x64.ActiveCfg = Debug|x64
		{05A999A3-F4D4-4E36-A82A-C4116B422C5C}.Debug|x64.Build.0 = Debug|x64
		{05A999A3-F4D4-4E36-A82A-C4116B422C5C}.Debug|x86.ActiveCfg = Debug|Win32
		{05A999A3-F4D4-4E36-A82A-C4116B422C5C}.Debug|x86.Build.0 = Debug|Win32
		{05A999A3-F4D4-4E36-A82A-C4116B422C5C}.Release|x64.ActiveCfg = Release|x64
		{05A999A3-F4D4-4E36-A82A-C4116B422C5C}.Release|x64.Build.0 = Release|x64
		{05A999A3-F4D4-4E36-A82A-C4116B422C5C}.Release|x86.ActiveCfg = Release|Win32
		{05A999A3-F4D4-4E36-A82A-C4116B422C5C}.Release|x86.Build.0 = Release|Win32
		{A96CB2C0-021C-47CC-A909-7227A1F112C5}.Debug|x64.ActiveCfg = Debug|x64
		{A96CB2C0-021C-47CC-A909-7227A1F112C5}.Debug|x64.Build.0 = Debug|x64
		{A96CB2C0-021C-47CC-A909-7227A1F112C5}.Debug|x86.ActiveCfg = Debug|Win32
		{A96CB2C0-021C-47CC-A909-7227A1F112C5}.Debug|x86.Build.0 = Debug|Win32
		{A96CB2C0-021C-47CC-A909-7227A1F112C5}.Release|x64.ActiveCfg = Release|x64
		{A96CB2C0-021C-47CC-A909-7227A1F112C5}.Release|x64.Build.0 = Release|x64
		{A96CB2C0-021C-47CC-A909-7227A1F112C5}.Release|x86.ActiveCfg = Release|Win32
		{A96CB2C0-021C-47CC-A909-7227A1F112C5}.Release|x86.Build.0 = Release|Win32
		{D6C59A62-7071-4DFC-82D1-BB6295C7C185}.Debug|x64.ActiveCfg = Debug|x64
		{D6C59A62-7071-4DFC-82D1-BB6295C7C185}.Debug|x64.Build.0 = Debug|x64
		{D6C59A62-7071-4DFC-82D1-BB6295C7C185}.Debug|x86.ActiveCfg = Debug|Win32
		{D6C59A62-7071-4DFC-82D1-BB6295C7C185}.Debug|x86.Build.0 = Debug|Win32
		{D6C59A62-7071-4DFC-82D1-BB6295C7C185}.Release|x64.ActiveCfg = Release|x64
		{D6C59A62-7071-4DFC-82D1-BB6295C7C185}.Release|x64.Build.0 = Release|x64
		{D6C59A62-7071-4DFC-82D1-BB6295C7C185}.Release|x86.ActiveCfg = Release|Win32
		{D6C59A62-7071-4DFC-82D1-BB6295C7C185}.Release|x86.Build.0 = Release|Win32
	EndGlobalSection
	GlobalSection(SolutionProperties) = preSolution
		HideSolutionNode = FALSE
	EndGlobalSection
	GlobalSection(ExtensibilityGlobals) = postSolution
		SolutionGuid = {36F1C02B-2CFA-434B-9E6F-25BFC2A6DF87}
	EndGlobalSection
EndGlobal
