<?xml version="1.0" encoding="utf-8"?>
<Project ToolsVersion="4.0" xmlns="http://schemas.microsoft.com/developer/msbuild/2003">
  <ItemGroup>
    <Filter Include="rend2">
      <UniqueIdentifier>{85776add-d121-4473-9299-ee37def1aa0a}</UniqueIdentifier>
    </Filter>
    <Filter Include="sdl">
      <UniqueIdentifier>{a7f73739-ff26-418c-b0a9-2f6c2d04e3f6}</UniqueIdentifier>
    </Filter>
    <Filter Include="jpeg-8c">
      <UniqueIdentifier>{f5c87643-1e8c-4ec6-9c70-821ffbc2cb94}</UniqueIdentifier>
    </Filter>
    <Filter Include="qcommon">
      <UniqueIdentifier>{525887b6-3cf0-469b-8390-d9010119b88f}</UniqueIdentifier>
    </Filter>
  </ItemGroup>
  <ItemGroup>
    <ClCompile Include="..\iortcw\MP\code\rend2\tr_world.c">
      <Filter>rend2</Filter>
    </ClCompile>
    <ClCompile Include="..\iortcw\MP\code\rend2\tr_animation.c">
      <Filter>rend2</Filter>
    </ClCompile>
    <ClCompile Include="..\iortcw\MP\code\rend2\tr_backend.c">
      <Filter>rend2</Filter>
    </ClCompile>
    <ClCompile Include="..\iortcw\MP\code\rend2\tr_bsp.c">
      <Filter>rend2</Filter>
    </ClCompile>
    <ClCompile Include="..\iortcw\MP\code\rend2\tr_cmds.c">
      <Filter>rend2</Filter>
    </ClCompile>
    <ClCompile Include="..\iortcw\MP\code\rend2\tr_curve.c">
      <Filter>rend2</Filter>
    </ClCompile>
    <ClCompile Include="..\iortcw\MP\code\rend2\tr_dsa.c">
      <Filter>rend2</Filter>
    </ClCompile>
    <ClCompile Include="..\iortcw\MP\code\rend2\tr_extensions.c">
      <Filter>rend2</Filter>
    </ClCompile>
    <ClCompile Include="..\iortcw\MP\code\rend2\tr_extramath.c">
      <Filter>rend2</Filter>
    </ClCompile>
    <ClCompile Include="..\iortcw\MP\code\rend2\tr_fbo.c">
      <Filter>rend2</Filter>
    </ClCompile>
    <ClCompile Include="..\iortcw\MP\code\rend2\tr_flares.c">
      <Filter>rend2</Filter>
    </ClCompile>
    <ClCompile Include="..\iortcw\MP\code\rend2\tr_font.c">
      <Filter>rend2</Filter>
    </ClCompile>
    <ClCompile Include="..\iortcw\MP\code\rend2\tr_glsl.c">
      <Filter>rend2</Filter>
    </ClCompile>
    <ClCompile Include="..\iortcw\MP\code\rend2\tr_image.c">
      <Filter>rend2</Filter>
    </ClCompile>
    <ClCompile Include="..\iortcw\MP\code\rend2\tr_image_bmp.c">
      <Filter>rend2</Filter>
    </ClCompile>
    <ClCompile Include="..\iortcw\MP\code\rend2\tr_image_dds.c">
      <Filter>rend2</Filter>
    </ClCompile>
    <ClCompile Include="..\iortcw\MP\code\rend2\tr_image_jpg.c">
      <Filter>rend2</Filter>
    </ClCompile>
    <ClCompile Include="..\iortcw\MP\code\rend2\tr_image_pcx.c">
      <Filter>rend2</Filter>
    </ClCompile>
    <ClCompile Include="..\iortcw\MP\code\rend2\tr_image_png.c">
      <Filter>rend2</Filter>
    </ClCompile>
    <ClCompile Include="..\iortcw\MP\code\rend2\tr_image_tga.c">
      <Filter>rend2</Filter>
    </ClCompile>
    <ClCompile Include="..\iortcw\MP\code\rend2\tr_init.c">
      <Filter>rend2</Filter>
    </ClCompile>
    <ClCompile Include="..\iortcw\MP\code\rend2\tr_light.c">
      <Filter>rend2</Filter>
    </ClCompile>
    <ClCompile Include="..\iortcw\MP\code\rend2\tr_main.c">
      <Filter>rend2</Filter>
    </ClCompile>
    <ClCompile Include="..\iortcw\MP\code\rend2\tr_marks.c">
      <Filter>rend2</Filter>
    </ClCompile>
    <ClCompile Include="..\iortcw\MP\code\rend2\tr_mesh.c">
      <Filter>rend2</Filter>
    </ClCompile>
    <ClCompile Include="..\iortcw\MP\code\rend2\tr_model.c">
      <Filter>rend2</Filter>
    </ClCompile>
    <ClCompile Include="..\iortcw\MP\code\rend2\tr_model_iqm.c">
      <Filter>rend2</Filter>
    </ClCompile>
    <ClCompile Include="..\iortcw\MP\code\rend2\tr_noise.c">
      <Filter>rend2</Filter>
    </ClCompile>
    <ClCompile Include="..\iortcw\MP\code\rend2\tr_postprocess.c">
      <Filter>rend2</Filter>
    </ClCompile>
    <ClCompile Include="..\iortcw\MP\code\rend2\tr_scene.c">
      <Filter>rend2</Filter>
    </ClCompile>
    <ClCompile Include="..\iortcw\MP\code\rend2\tr_shade.c">
      <Filter>rend2</Filter>
    </ClCompile>
    <ClCompile Include="..\iortcw\MP\code\rend2\tr_shade_calc.c">
      <Filter>rend2</Filter>
    </ClCompile>
    <ClCompile Include="..\iortcw\MP\code\rend2\tr_shader.c">
      <Filter>rend2</Filter>
    </ClCompile>
    <ClCompile Include="..\iortcw\MP\code\rend2\tr_shadows.c">
      <Filter>rend2</Filter>
    </ClCompile>
    <ClCompile Include="..\iortcw\MP\code\rend2\tr_sky.c">
      <Filter>rend2</Filter>
    </ClCompile>
    <ClCompile Include="..\iortcw\MP\code\rend2\tr_subs.c">
      <Filter>rend2</Filter>
    </ClCompile>
    <ClCompile Include="..\iortcw\MP\code\rend2\tr_surface.c">
      <Filter>rend2</Filter>
    </ClCompile>
    <ClCompile Include="..\iortcw\MP\code\rend2\tr_vbo.c">
      <Filter>rend2</Filter>
    </ClCompile>
    <ClCompile Include="..\iortcw\MP\code\sdl\sdl_gamma.c">
      <Filter>sdl</Filter>
    </ClCompile>
    <ClCompile Include="..\iortcw\MP\code\sdl\sdl_glimp.c">
      <Filter>sdl</Filter>
    </ClCompile>
    <ClCompile Include="..\iortcw\MP\code\qcommon\puff.c">
      <Filter>qcommon</Filter>
    </ClCompile>
    <ClCompile Include="..\iortcw\MP\code\qcommon\q_math.c">
      <Filter>qcommon</Filter>
    </ClCompile>
    <ClCompile Include="..\iortcw\MP\code\qcommon\q_shared.c">
      <Filter>qcommon</Filter>
    </ClCompile>
    <ClCompile Include="..\iortcw\MP\code\jpeg-8c\jaricom.c">
      <Filter>jpeg-8c</Filter>
    </ClCompile>
    <ClCompile Include="..\iortcw\MP\code\jpeg-8c\jcapimin.c">
      <Filter>jpeg-8c</Filter>
    </ClCompile>
    <ClCompile Include="..\iortcw\MP\code\jpeg-8c\jcapistd.c">
      <Filter>jpeg-8c</Filter>
    </ClCompile>
    <ClCompile Include="..\iortcw\MP\code\jpeg-8c\jcarith.c">
      <Filter>jpeg-8c</Filter>
    </ClCompile>
    <ClCompile Include="..\iortcw\MP\code\jpeg-8c\jccoefct.c">
      <Filter>jpeg-8c</Filter>
    </ClCompile>
    <ClCompile Include="..\iortcw\MP\code\jpeg-8c\jccolor.c">
      <Filter>jpeg-8c</Filter>
    </ClCompile>
    <ClCompile Include="..\iortcw\MP\code\jpeg-8c\jcdctmgr.c">
      <Filter>jpeg-8c</Filter>
    </ClCompile>
    <ClCompile Include="..\iortcw\MP\code\jpeg-8c\jchuff.c">
      <Filter>jpeg-8c</Filter>
    </ClCompile>
    <ClCompile Include="..\iortcw\MP\code\jpeg-8c\jcinit.c">
      <Filter>jpeg-8c</Filter>
    </ClCompile>
    <ClCompile Include="..\iortcw\MP\code\jpeg-8c\jcmainct.c">
      <Filter>jpeg-8c</Filter>
    </ClCompile>
    <ClCompile Include="..\iortcw\MP\code\jpeg-8c\jcmarker.c">
      <Filter>jpeg-8c</Filter>
    </ClCompile>
    <ClCompile Include="..\iortcw\MP\code\jpeg-8c\jcmaster.c">
      <Filter>jpeg-8c</Filter>
    </ClCompile>
    <ClCompile Include="..\iortcw\MP\code\jpeg-8c\jcomapi.c">
      <Filter>jpeg-8c</Filter>
    </ClCompile>
    <ClCompile Include="..\iortcw\MP\code\jpeg-8c\jcparam.c">
      <Filter>jpeg-8c</Filter>
    </ClCompile>
    <ClCompile Include="..\iortcw\MP\code\jpeg-8c\jcprepct.c">
      <Filter>jpeg-8c</Filter>
    </ClCompile>
    <ClCompile Include="..\iortcw\MP\code\jpeg-8c\jcsample.c">
      <Filter>jpeg-8c</Filter>
    </ClCompile>
    <ClCompile Include="..\iortcw\MP\code\jpeg-8c\jctrans.c">
      <Filter>jpeg-8c</Filter>
    </ClCompile>
    <ClCompile Include="..\iortcw\MP\code\jpeg-8c\jdapimin.c">
      <Filter>jpeg-8c</Filter>
    </ClCompile>
    <ClCompile Include="..\iortcw\MP\code\jpeg-8c\jdapistd.c">
      <Filter>jpeg-8c</Filter>
    </ClCompile>
    <ClCompile Include="..\iortcw\MP\code\jpeg-8c\jdarith.c">
      <Filter>jpeg-8c</Filter>
    </ClCompile>
    <ClCompile Include="..\iortcw\MP\code\jpeg-8c\jdatadst.c">
      <Filter>jpeg-8c</Filter>
    </ClCompile>
    <ClCompile Include="..\iortcw\MP\code\jpeg-8c\jdatasrc.c">
      <Filter>jpeg-8c</Filter>
    </ClCompile>
    <ClCompile Include="..\iortcw\MP\code\jpeg-8c\jdcoefct.c">
      <Filter>jpeg-8c</Filter>
    </ClCompile>
    <ClCompile Include="..\iortcw\MP\code\jpeg-8c\jdcolor.c">
      <Filter>jpeg-8c</Filter>
    </ClCompile>
    <ClCompile Include="..\iortcw\MP\code\jpeg-8c\jddctmgr.c">
      <Filter>jpeg-8c</Filter>
    </ClCompile>
    <ClCompile Include="..\iortcw\MP\code\jpeg-8c\jdhuff.c">
      <Filter>jpeg-8c</Filter>
    </ClCompile>
    <ClCompile Include="..\iortcw\MP\code\jpeg-8c\jdinput.c">
      <Filter>jpeg-8c</Filter>
    </ClCompile>
    <ClCompile Include="..\iortcw\MP\code\jpeg-8c\jdmainct.c">
      <Filter>jpeg-8c</Filter>
    </ClCompile>
    <ClCompile Include="..\iortcw\MP\code\jpeg-8c\jdmarker.c">
      <Filter>jpeg-8c</Filter>
    </ClCompile>
    <ClCompile Include="..\iortcw\MP\code\jpeg-8c\jdmaster.c">
      <Filter>jpeg-8c</Filter>
    </ClCompile>
    <ClCompile Include="..\iortcw\MP\code\jpeg-8c\jdmerge.c">
      <Filter>jpeg-8c</Filter>
    </ClCompile>
    <ClCompile Include="..\iortcw\MP\code\jpeg-8c\jdpostct.c">
      <Filter>jpeg-8c</Filter>
    </ClCompile>
    <ClCompile Include="..\iortcw\MP\code\jpeg-8c\jdsample.c">
      <Filter>jpeg-8c</Filter>
    </ClCompile>
    <ClCompile Include="..\iortcw\MP\code\jpeg-8c\jdtrans.c">
      <Filter>jpeg-8c</Filter>
    </ClCompile>
    <ClCompile Include="..\iortcw\MP\code\jpeg-8c\jerror.c">
      <Filter>jpeg-8c</Filter>
    </ClCompile>
    <ClCompile Include="..\iortcw\MP\code\jpeg-8c\jfdctflt.c">
      <Filter>jpeg-8c</Filter>
    </ClCompile>
    <ClCompile Include="..\iortcw\MP\code\jpeg-8c\jfdctfst.c">
      <Filter>jpeg-8c</Filter>
    </ClCompile>
    <ClCompile Include="..\iortcw\MP\code\jpeg-8c\jfdctint.c">
      <Filter>jpeg-8c</Filter>
    </ClCompile>
    <ClCompile Include="..\iortcw\MP\code\jpeg-8c\jidctflt.c">
      <Filter>jpeg-8c</Filter>
    </ClCompile>
    <ClCompile Include="..\iortcw\MP\code\jpeg-8c\jidctfst.c">
      <Filter>jpeg-8c</Filter>
    </ClCompile>
    <ClCompile Include="..\iortcw\MP\code\jpeg-8c\jidctint.c">
      <Filter>jpeg-8c</Filter>
    </ClCompile>
    <ClCompile Include="..\iortcw\MP\code\jpeg-8c\jmemmgr.c">
      <Filter>jpeg-8c</Filter>
    </ClCompile>
    <ClCompile Include="..\iortcw\MP\code\jpeg-8c\jmemnobs.c">
      <Filter>jpeg-8c</Filter>
    </ClCompile>
    <ClCompile Include="..\iortcw\MP\code\jpeg-8c\jquant1.c">
      <Filter>jpeg-8c</Filter>
    </ClCompile>
    <ClCompile Include="..\iortcw\MP\code\jpeg-8c\jquant2.c">
      <Filter>jpeg-8c</Filter>
    </ClCompile>
    <ClCompile Include="..\iortcw\MP\code\jpeg-8c\jutils.c">
      <Filter>jpeg-8c</Filter>
    </ClCompile>
  </ItemGroup>
  <ItemGroup>
    <ClInclude Include="..\iortcw\MP\code\rend2\anorms256.h">
      <Filter>rend2</Filter>
    </ClInclude>
    <ClInclude Include="..\iortcw\MP\code\rend2\qgl.h">
      <Filter>rend2</Filter>
    </ClInclude>
    <ClInclude Include="..\iortcw\MP\code\rend2\tr_dsa.h">
      <Filter>rend2</Filter>
    </ClInclude>
    <ClInclude Include="..\iortcw\MP\code\rend2\tr_extramath.h">
      <Filter>rend2</Filter>
    </ClInclude>
    <ClInclude Include="..\iortcw\MP\code\rend2\tr_extratypes.h">
      <Filter>rend2</Filter>
    </ClInclude>
    <ClInclude Include="..\iortcw\MP\code\rend2\tr_fbo.h">
      <Filter>rend2</Filter>
    </ClInclude>
    <ClInclude Include="..\iortcw\MP\code\rend2\tr_local.h">
      <Filter>rend2</Filter>
    </ClInclude>
    <ClInclude Include="..\iortcw\MP\code\rend2\tr_postprocess.h">
      <Filter>rend2</Filter>
    </ClInclude>
    <ClInclude Include="..\iortcw\MP\code\qcommon\puff.h">
      <Filter>qcommon</Filter>
    </ClInclude>
    <ClInclude Include="..\iortcw\MP\code\qcommon\q_platform.h">
      <Filter>qcommon</Filter>
    </ClInclude>
    <ClInclude Include="..\iortcw\MP\code\qcommon\q_shared.h">
      <Filter>qcommon</Filter>
    </ClInclude>
    <ClInclude Include="..\iortcw\MP\code\qcommon\qcommon.h">
      <Filter>qcommon</Filter>
    </ClInclude>
    <ClInclude Include="..\iortcw\MP\code\qcommon\qfiles.h">
      <Filter>qcommon</Filter>
    </ClInclude>
    <ClInclude Include="..\iortcw\MP\code\qcommon\surfaceflags.h">
      <Filter>qcommon</Filter>
    </ClInclude>
    <ClInclude Include="..\iortcw\MP\code\jpeg-8c\jversion.h">
      <Filter>jpeg-8c</Filter>
    </ClInclude>
    <ClInclude Include="..\iortcw\MP\code\jpeg-8c\jconfig.h">
      <Filter>jpeg-8c</Filter>
    </ClInclude>
    <ClInclude Include="..\iortcw\MP\code\jpeg-8c\jdct.h">
      <Filter>jpeg-8c</Filter>
    </ClInclude>
    <ClInclude Include="..\iortcw\MP\code\jpeg-8c\jerror.h">
      <Filter>jpeg-8c</Filter>
    </ClInclude>
    <ClInclude Include="..\iortcw\MP\code\jpeg-8c\jinclude.h">
      <Filter>jpeg-8c</Filter>
    </ClInclude>
    <ClInclude Include="..\iortcw\MP\code\jpeg-8c\jmemsys.h">
      <Filter>jpeg-8c</Filter>
    </ClInclude>
    <ClInclude Include="..\iortcw\MP\code\jpeg-8c\jmorecfg.h">
      <Filter>jpeg-8c</Filter>
    </ClInclude>
    <ClInclude Include="..\iortcw\MP\code\jpeg-8c\jpegint.h">
      <Filter>jpeg-8c</Filter>
    </ClInclude>
    <ClInclude Include="..\iortcw\MP\code\jpeg-8c\jpeglib.h">
      <Filter>jpeg-8c</Filter>
    </ClInclude>
  </ItemGroup>
</Project>